
Microsoft Visual Studio Solution File, Format Version 12.00
# Visual Studio 15
VisualStudioVersion = 15.0.27004.2010
MinimumVisualStudioVersion = 10.0.40219.1
Project("{FAE04EC0-301F-11D3-BF4B-00C04F79EFBC}") = "PlexAnimeHelper", "PlexAnimeHelper\PlexAnimeHelper.csproj", "{8249BE76-E6FD-4673-916A-CCA29E5750B6}"
EndProject
Project("{54435603-DBB4-11D2-8724-00A0C9A8B90C}") = "PlexHelperSetup", "PlexHelperSetup\PlexHelperSetup.vdproj", "{863E0294-C4B5-45A7-B5B0-C26557C0D88E}"
EndProject
Global
	GlobalSection(SolutionConfigurationPlatforms) = preSolution
		Debug|Any CPU = Debug|Any CPU
		Release|Any CPU = Release|Any CPU
	EndGlobalSection
	GlobalSection(ProjectConfigurationPlatforms) = postSolution
		{8249BE76-E6FD-4673-916A-CCA29E5750B6}.Debug|Any CPU.ActiveCfg = Debug|Any CPU
		{8249BE76-E6FD-4673-916A-CCA29E5750B6}.Debug|Any CPU.Build.0 = Debug|Any CPU
		{8249BE76-E6FD-4673-916A-CCA29E5750B6}.Release|Any CPU.ActiveCfg = Release|Any CPU
		{8249BE76-E6FD-4673-916A-CCA29E5750B6}.Release|Any CPU.Build.0 = Release|Any CPU
		{863E0294-C4B5-45A7-B5B0-C26557C0D88E}.Debug|Any CPU.ActiveCfg = Debug
		{863E0294-C4B5-45A7-B5B0-C26557C0D88E}.Release|Any CPU.ActiveCfg = Release
	EndGlobalSection
	GlobalSection(SolutionProperties) = preSolution
		HideSolutionNode = FALSE
	EndGlobalSection
	GlobalSection(ExtensibilityGlobals) = postSolution
		SolutionGuid = {A6E7CF27-AB36-4A4A-8266-F034A27CB55B}
	EndGlobalSection
EndGlobal
